<?xml version="1.0" encoding="utf-8"?>
<Project ToolsVersion="4.0" xmlns="http://schemas.microsoft.com/developer/msbuild/2003">
  <ItemGroup>
    <Filter Include="Source Files">
      <UniqueIdentifier>{4FC737F1-C7A5-4376-A066-2A32D752A2FF}</UniqueIdentifier>
      <Extensions>cpp;c;cc;cxx;def;odl;idl;hpj;bat;asm;asmx</Extensions>
    </Filter>
    <Filter Include="Header Files">
      <UniqueIdentifier>{93995380-89BD-4b04-88EB-625FBE52EBFB}</UniqueIdentifier>
      <Extensions>h;hpp;hxx;hm;inl;inc;xsd</Extensions>
    </Filter>
    <Filter Include="Resource Files">
      <UniqueIdentifier>{67DA6AB6-F800-4c08-8B7A-83BB121AAD01}</UniqueIdentifier>
      <Extensions>rc;ico;cur;bmp;dlg;rc2;rct;bin;rgs;gif;jpg;jpeg;jpe;resx;tiff;tif;png;wav;mfcribbon-ms</Extensions>
    </Filter>
    <Filter Include="Header Files\GameApplicationLayer">
      <UniqueIdentifier>{4bff61e1-0a53-4689-a7d6-ed01a06ce871}</UniqueIdentifier>
    </Filter>
    <Filter Include="Source Files\GameApplicationLayer">
      <UniqueIdentifier>{e6ebb4d0-5a7a-4235-a99c-7569331f553f}</UniqueIdentifier>
    </Filter>
    <Filter Include="Source Files\GameLogic">
      <UniqueIdentifier>{a989537e-e450-4086-a85d-00f588abcdee}</UniqueIdentifier>
    </Filter>
    <Filter Include="Header Files\GameLogic">
      <UniqueIdentifier>{96220e4c-e8cc-49d3-8c11-71c41174659d}</UniqueIdentifier>
    </Filter>
    <Filter Include="Header Files\GameApplicationLayer\Graphics">
      <UniqueIdentifier>{7ecdb879-bd38-494d-82ff-769e49b4ed7d}</UniqueIdentifier>
    </Filter>
    <Filter Include="Source Files\GameApplicationLayer\Graphics">
      <UniqueIdentifier>{aeeb012e-6cce-4371-8ed9-91ef9e884b1e}</UniqueIdentifier>
    </Filter>
    <Filter Include="Header Files\GameView">
      <UniqueIdentifier>{ac76495c-a763-4430-8c9c-6a3275288af1}</UniqueIdentifier>
    </Filter>
    <Filter Include="Source Files\GameView">
      <UniqueIdentifier>{b0b3e52c-ec0b-49ae-8fb6-3b10c5eaec18}</UniqueIdentifier>
    </Filter>
    <Filter Include="Header Files\GameLogic\ActorSystem">
      <UniqueIdentifier>{71679af8-c42c-4b95-aa13-9ea0279c0f11}</UniqueIdentifier>
    </Filter>
    <Filter Include="Source Files\GameLogic\ActorSystem">
      <UniqueIdentifier>{e4088ffc-d126-4110-b96b-4a8508ccd975}</UniqueIdentifier>
    </Filter>
    <Filter Include="Header Files\GameLogic\EventSystem">
      <UniqueIdentifier>{e1018837-65bb-4bef-b0f8-74cab2829fe8}</UniqueIdentifier>
    </Filter>
    <Filter Include="Source Files\GameLogic\ProcesSystem">
      <UniqueIdentifier>{af4e9e5e-6866-4340-a3d7-4a18811b11f0}</UniqueIdentifier>
    </Filter>
    <Filter Include="Source Files\GameLogic\EventSystem">
      <UniqueIdentifier>{f9eb448a-2731-4804-b1d2-bb3189f5fde4}</UniqueIdentifier>
    </Filter>
    <Filter Include="Header Files\GameLogic\ProcesSystem">
      <UniqueIdentifier>{e5f020b3-2af3-46dc-8d0c-70aa8b5db2a4}</UniqueIdentifier>
    </Filter>
    <Filter Include="Source Files\GameApplicationLayer\Input">
      <UniqueIdentifier>{0ac4f656-801e-4a33-9609-9fd6b4b12f05}</UniqueIdentifier>
    </Filter>
    <Filter Include="Header Files\GameApplicationLayer\Input">
      <UniqueIdentifier>{5cb1909c-17b3-4167-b4dc-6d11d556266f}</UniqueIdentifier>
    </Filter>
    <Filter Include="Header Files\GameView\HumanView">
      <UniqueIdentifier>{19b53bbe-c1d0-4c11-95ee-3c2fac6f96c8}</UniqueIdentifier>
    </Filter>
    <Filter Include="Source Files\GameView\HumanView">
      <UniqueIdentifier>{cc5f0397-d89d-4088-9a29-53de20847b83}</UniqueIdentifier>
    </Filter>
    <Filter Include="Header Files\GameView\HumanView\Scene">
      <UniqueIdentifier>{517a1713-e4e0-4a9e-a68c-05e7f3389169}</UniqueIdentifier>
    </Filter>
    <Filter Include="Source Files\GameView\HumanView\Scene">
      <UniqueIdentifier>{0ef64e33-adc6-4940-99c6-fe3d654df295}</UniqueIdentifier>
    </Filter>
    <Filter Include="Header Files\GameLogic\ParticleSystem">
      <UniqueIdentifier>{8b48df27-c2f3-4f44-be51-e0e82b0d1c7a}</UniqueIdentifier>
    </Filter>
    <Filter Include="Source Files\GameLogic\ParticleSystem">
      <UniqueIdentifier>{1e437d51-b20a-45f9-9263-187987178d0e}</UniqueIdentifier>
    </Filter>
    <Filter Include="Shader">
      <UniqueIdentifier>{6ec9454b-6aee-4d1c-a7b2-986b7a26c3ec}</UniqueIdentifier>
      <ParseFiles>false</ParseFiles>
    </Filter>
    <Filter Include="Source Files\GameView\HumanView\Effects">
      <UniqueIdentifier>{ed2f6c7f-867b-4f60-b2c0-fd1e22ec85c0}</UniqueIdentifier>
    </Filter>
    <Filter Include="Header Files\GameView\HumanView\Effects">
      <UniqueIdentifier>{4cfe53d0-0b06-44a0-8300-9c16f7c762aa}</UniqueIdentifier>
    </Filter>
    <Filter Include="Header Files\GameLogic\Terrain">
      <UniqueIdentifier>{37c16022-f0dc-4639-8452-1312ff35890b}</UniqueIdentifier>
    </Filter>
    <Filter Include="Source Files\GameLogic\Terrain">
      <UniqueIdentifier>{fe0961e1-ddc9-4683-9eb7-49134f07372b}</UniqueIdentifier>
    </Filter>
  </ItemGroup>
  <ItemGroup>
    <None Include="ReadMe.txt" />
    <None Include="small.ico">
      <Filter>Resource Files</Filter>
    </None>
    <None Include="Geordi.ico">
      <Filter>Resource Files</Filter>
    </None>
    <None Include="..\Game\Shader\CommonDefinitions.hlsl">
      <Filter>Shader</Filter>
    </None>
    <None Include="..\Game\Shader\NicotopiaTest.fx">
      <Filter>Shader</Filter>
    </None>
    <None Include="..\Game\Shader\ParticleStructs.hlsl">
      <Filter>Shader</Filter>
    </None>
    <None Include="..\Game\Shader\ParticleSystemCS.hlsl">
      <Filter>Shader</Filter>
    </None>
    <None Include="..\Game\Shader\BloomCS.hlsl">
      <Filter>Shader</Filter>
    </None>
    <None Include="..\Game\Shader\BloomPS.hlsl">
      <Filter>Shader</Filter>
    </None>
    <None Include="..\Game\Shader\DeferredShadingDefinitions.hlsl">
      <Filter>Shader</Filter>
    </None>
    <None Include="..\Game\Shader\MergeLightingMS.hlsl">
      <Filter>Shader</Filter>
    </None>
  </ItemGroup>
  <ItemGroup>
    <ClInclude Include="stdafx.h">
      <Filter>Header Files</Filter>
    </ClInclude>
    <ClInclude Include="targetver.h">
      <Filter>Header Files</Filter>
    </ClInclude>
    <ClInclude Include="Resource.h">
      <Filter>Header Files</Filter>
    </ClInclude>
    <ClInclude Include="Geordi.h">
      <Filter>Header Files</Filter>
    </ClInclude>
    <ClInclude Include="GameTimer.h">
      <Filter>Header Files\GameApplicationLayer</Filter>
    </ClInclude>
    <ClInclude Include="MemoryPool.h">
      <Filter>Header Files\GameApplicationLayer</Filter>
    </ClInclude>
    <ClInclude Include="GameInitializer.h">
      <Filter>Header Files\GameApplicationLayer</Filter>
    </ClInclude>
    <ClInclude Include="Logger.h">
      <Filter>Header Files\GameApplicationLayer</Filter>
    </ClInclude>
    <ClInclude Include="GameApp.h">
      <Filter>Header Files\GameApplicationLayer</Filter>
    </ClInclude>
    <ClInclude Include="ShaderProgram.h">
      <Filter>Header Files\GameApplicationLayer\Graphics</Filter>
    </ClInclude>
    <ClInclude Include="VertexBuffer.h">
      <Filter>Header Files\GameApplicationLayer\Graphics</Filter>
    </ClInclude>
    <ClInclude Include="IndexBuffer.h">
      <Filter>Header Files\GameApplicationLayer\Graphics</Filter>
    </ClInclude>
    <ClInclude Include="ConstantBuffer.h">
      <Filter>Header Files\GameApplicationLayer\Graphics</Filter>
    </ClInclude>
    <ClInclude Include="Camera.h">
      <Filter>Header Files\GameView</Filter>
    </ClInclude>
    <ClInclude Include="Config.h">
      <Filter>Header Files\GameApplicationLayer</Filter>
    </ClInclude>
    <ClInclude Include="DelayProcess.h">
      <Filter>Header Files\GameLogic\ProcesSystem</Filter>
    </ClInclude>
    <ClInclude Include="ProcessManager.h">
      <Filter>Header Files\GameLogic\ProcesSystem</Filter>
    </ClInclude>
    <ClInclude Include="GraphicsLayer.h">
      <Filter>Header Files\GameApplicationLayer\Graphics</Filter>
    </ClInclude>
    <ClInclude Include="Actor.h">
      <Filter>Header Files\GameLogic\ActorSystem</Filter>
    </ClInclude>
    <ClInclude Include="IGameLogic.h">
      <Filter>Header Files\GameLogic</Filter>
    </ClInclude>
    <ClInclude Include="GameLogic.h">
      <Filter>Header Files\GameLogic</Filter>
    </ClInclude>
    <ClInclude Include="DebugOutProcess.h">
      <Filter>Header Files\GameLogic\ProcesSystem</Filter>
    </ClInclude>
    <ClInclude Include="EventManager.h">
      <Filter>Header Files\GameLogic\EventSystem</Filter>
    </ClInclude>
    <ClInclude Include="TestEventData.h">
      <Filter>Header Files\GameLogic\EventSystem</Filter>
    </ClInclude>
    <ClInclude Include="ActorEvents.h">
      <Filter>Header Files\GameLogic\EventSystem</Filter>
    </ClInclude>
    <ClInclude Include="RenderComponent.h">
      <Filter>Header Files\GameLogic\ActorSystem</Filter>
    </ClInclude>
    <ClInclude Include="Geometry.h">
      <Filter>Header Files\GameApplicationLayer\Graphics</Filter>
    </ClInclude>
    <ClInclude Include="InputController.h">
      <Filter>Header Files\GameApplicationLayer\Input</Filter>
    </ClInclude>
    <ClInclude Include="IKeyboardHandler.h">
      <Filter>Header Files\GameApplicationLayer\Input</Filter>
    </ClInclude>
    <ClInclude Include="IPointerHandler.h">
      <Filter>Header Files\GameApplicationLayer\Input</Filter>
    </ClInclude>
    <ClInclude Include="IGameView.h">
      <Filter>Header Files\GameView</Filter>
    </ClInclude>
    <ClInclude Include="HumanDisplay.h">
      <Filter>Header Files\GameView\HumanView</Filter>
    </ClInclude>
    <ClInclude Include="ISceneNode.h">
      <Filter>Header Files\GameView\HumanView\Scene</Filter>
    </ClInclude>
    <ClInclude Include="MeshNode.h">
      <Filter>Header Files\GameView\HumanView\Scene</Filter>
    </ClInclude>
    <ClInclude Include="BaseSceneNode.h">
      <Filter>Header Files\GameView\HumanView\Scene</Filter>
    </ClInclude>
    <ClInclude Include="SceneNodeProperties.h">
      <Filter>Header Files\GameView\HumanView\Scene</Filter>
    </ClInclude>
    <ClInclude Include="XMMatrixStack.h">
      <Filter>Header Files\GameView\HumanView\Scene</Filter>
    </ClInclude>
    <ClInclude Include="Scene.h">
      <Filter>Header Files\GameView\HumanView\Scene</Filter>
    </ClInclude>
    <ClInclude Include="RootNode.h">
      <Filter>Header Files\GameView\HumanView\Scene</Filter>
    </ClInclude>
    <ClInclude Include="CameraComponent.h">
      <Filter>Header Files\GameLogic\ActorSystem</Filter>
    </ClInclude>
    <ClInclude Include="FPSActorInputHandler.h">
      <Filter>Header Files\GameView\HumanView</Filter>
    </ClInclude>
    <ClInclude Include="ParticleSystem.h">
      <Filter>Header Files\GameLogic\ParticleSystem</Filter>
    </ClInclude>
    <ClInclude Include="ParticleCloud.h">
      <Filter>Header Files\GameLogic\ParticleSystem</Filter>
    </ClInclude>
    <ClInclude Include="ParticleNode.h">
      <Filter>Header Files\GameView\HumanView\Scene</Filter>
    </ClInclude>
    <ClInclude Include="ParticleComponent.h">
      <Filter>Header Files\GameLogic\ActorSystem</Filter>
    </ClInclude>
    <ClInclude Include="RenderTarget.h">
      <Filter>Header Files\GameApplicationLayer\Graphics</Filter>
    </ClInclude>
    <ClInclude Include="IPostEffect.h">
      <Filter>Header Files\GameView\HumanView\Effects</Filter>
    </ClInclude>
    <ClInclude Include="BloomEffect.h">
      <Filter>Header Files\GameView\HumanView\Effects</Filter>
    </ClInclude>
    <ClInclude Include="Pose.h">
      <Filter>Header Files\GameLogic\ActorSystem</Filter>
    </ClInclude>
    <ClInclude Include="PhysicsLayer.h">
      <Filter>Header Files\GameApplicationLayer</Filter>
    </ClInclude>
    <ClInclude Include="ScreenQuad.h">
      <Filter>Header Files\GameView\HumanView\Effects</Filter>
    </ClInclude>
    <ClInclude Include="RigidbodyComponent.h">
      <Filter>Header Files\GameLogic\ActorSystem</Filter>
    </ClInclude>
    <ClInclude Include="TransformComponent.h">
      <Filter>Header Files\GameLogic\ActorSystem</Filter>
    </ClInclude>
    <ClInclude Include="TerrainComponent.h">
      <Filter>Header Files\GameLogic\ActorSystem</Filter>
    </ClInclude>
    <ClInclude Include="Octree.h">
      <Filter>Header Files\GameLogic\Terrain</Filter>
    </ClInclude>
    <ClInclude Include="TerrainData.h">
      <Filter>Header Files\GameLogic\Terrain</Filter>
    </ClInclude>
    <ClInclude Include="TerrainNode.h">
      <Filter>Header Files\GameView\HumanView\Scene</Filter>
    </ClInclude>
    <ClInclude Include="Grid3D.h">
      <Filter>Header Files</Filter>
    </ClInclude>
    <ClInclude Include="MarchingCubeGrid.h">
      <Filter>Header Files</Filter>
    </ClInclude>
  </ItemGroup>
  <ItemGroup>
    <ClCompile Include="stdafx.cpp">
      <Filter>Source Files</Filter>
    </ClCompile>
    <ClCompile Include="Geordi.cpp">
      <Filter>Source Files</Filter>
    </ClCompile>
    <ClCompile Include="GameTimer.cpp">
      <Filter>Source Files\GameApplicationLayer</Filter>
    </ClCompile>
    <ClCompile Include="MemoryPool.cpp">
      <Filter>Source Files\GameApplicationLayer</Filter>
    </ClCompile>
    <ClCompile Include="GameInitializer.cpp">
      <Filter>Source Files\GameApplicationLayer</Filter>
    </ClCompile>
    <ClCompile Include="Logger.cpp">
      <Filter>Source Files\GameApplicationLayer</Filter>
    </ClCompile>
    <ClCompile Include="GameApp.cpp">
      <Filter>Source Files\GameApplicationLayer</Filter>
    </ClCompile>
    <ClCompile Include="ShaderProgram.cpp">
      <Filter>Source Files\GameApplicationLayer\Graphics</Filter>
    </ClCompile>
    <ClCompile Include="VertexBuffer.cpp">
      <Filter>Source Files\GameApplicationLayer\Graphics</Filter>
    </ClCompile>
    <ClCompile Include="IndexBuffer.cpp">
      <Filter>Source Files\GameApplicationLayer\Graphics</Filter>
    </ClCompile>
    <ClCompile Include="ConstantBuffer.cpp">
      <Filter>Source Files\GameApplicationLayer\Graphics</Filter>
    </ClCompile>
    <ClCompile Include="Camera.cpp">
      <Filter>Source Files\GameView</Filter>
    </ClCompile>
    <ClCompile Include="Config.cpp">
      <Filter>Source Files\GameApplicationLayer</Filter>
    </ClCompile>
    <ClCompile Include="DelayProcess.cpp">
      <Filter>Source Files\GameLogic\ProcesSystem</Filter>
    </ClCompile>
    <ClCompile Include="ProcessManager.cpp">
      <Filter>Source Files\GameLogic\ProcesSystem</Filter>
    </ClCompile>
    <ClCompile Include="GraphicsLayer.cpp">
      <Filter>Source Files\GameApplicationLayer\Graphics</Filter>
    </ClCompile>
    <ClCompile Include="Actor.cpp">
      <Filter>Source Files\GameLogic\ActorSystem</Filter>
    </ClCompile>
    <ClCompile Include="DebugOutProcess.cpp">
      <Filter>Source Files\GameLogic\ProcesSystem</Filter>
    </ClCompile>
    <ClCompile Include="GameLogic.cpp">
      <Filter>Source Files\GameLogic</Filter>
    </ClCompile>
    <ClCompile Include="EventManager.cpp">
      <Filter>Source Files\GameLogic\EventSystem</Filter>
    </ClCompile>
    <ClCompile Include="TestEventData.cpp">
      <Filter>Source Files\GameLogic\EventSystem</Filter>
    </ClCompile>
    <ClCompile Include="ActorEvents.cpp">
      <Filter>Source Files\GameLogic\EventSystem</Filter>
    </ClCompile>
    <ClCompile Include="RenderComponent.cpp">
      <Filter>Source Files\GameLogic\ActorSystem</Filter>
    </ClCompile>
    <ClCompile Include="Geometry.cpp">
      <Filter>Source Files\GameApplicationLayer\Graphics</Filter>
    </ClCompile>
    <ClCompile Include="InputController.cpp">
      <Filter>Source Files\GameApplicationLayer\Input</Filter>
    </ClCompile>
    <ClCompile Include="HumanDisplay.cpp">
      <Filter>Source Files\GameView\HumanView</Filter>
    </ClCompile>
    <ClCompile Include="MeshNode.cpp">
      <Filter>Source Files\GameView\HumanView\Scene</Filter>
    </ClCompile>
    <ClCompile Include="BaseSceneNode.cpp">
      <Filter>Source Files\GameView\HumanView\Scene</Filter>
    </ClCompile>
    <ClCompile Include="SceneNodeProperties.cpp">
      <Filter>Source Files\GameView\HumanView\Scene</Filter>
    </ClCompile>
    <ClCompile Include="Scene.cpp">
      <Filter>Source Files\GameView\HumanView\Scene</Filter>
    </ClCompile>
    <ClCompile Include="RootNode.cpp">
      <Filter>Source Files\GameView\HumanView\Scene</Filter>
    </ClCompile>
    <ClCompile Include="CameraComponent.cpp">
      <Filter>Source Files\GameLogic\ActorSystem</Filter>
    </ClCompile>
    <ClCompile Include="FPSActorInputHandler.cpp">
      <Filter>Source Files\GameView\HumanView</Filter>
    </ClCompile>
    <ClCompile Include="ParticleSystem.cpp">
      <Filter>Source Files\GameLogic\ParticleSystem</Filter>
    </ClCompile>
    <ClCompile Include="ParticleNode.cpp">
      <Filter>Source Files\GameView\HumanView\Scene</Filter>
    </ClCompile>
    <ClCompile Include="ParticleComponent.cpp">
      <Filter>Source Files\GameLogic\ActorSystem</Filter>
    </ClCompile>
    <ClCompile Include="ParticleCloud.cpp">
      <Filter>Source Files\GameLogic\ParticleSystem</Filter>
    </ClCompile>
    <ClCompile Include="RenderTarget.cpp">
      <Filter>Source Files\GameApplicationLayer\Graphics</Filter>
    </ClCompile>
    <ClCompile Include="BloomEffect.cpp">
      <Filter>Source Files\GameView\HumanView\Effects</Filter>
    </ClCompile>
    <ClCompile Include="Pose.cpp">
      <Filter>Source Files\GameLogic\ActorSystem</Filter>
    </ClCompile>
    <ClCompile Include="PhysicsLayer.cpp">
      <Filter>Source Files\GameApplicationLayer</Filter>
    </ClCompile>
    <ClCompile Include="ScreenQuad.cpp">
      <Filter>Source Files\GameView\HumanView\Effects</Filter>
    </ClCompile>
    <ClCompile Include="RigidbodyComponent.cpp">
      <Filter>Source Files\GameLogic\ActorSystem</Filter>
    </ClCompile>
    <ClCompile Include="TransformComponent.cpp">
      <Filter>Source Files\GameLogic\ActorSystem</Filter>
    </ClCompile>
    <ClCompile Include="XMMatrixStack.cpp">
      <Filter>Source Files\GameView\HumanView\Scene</Filter>
    </ClCompile>
    <ClCompile Include="TerrainComponent.cpp">
      <Filter>Source Files\GameLogic\ActorSystem</Filter>
    </ClCompile>
    <ClCompile Include="TerrainData.cpp">
      <Filter>Source Files\GameLogic\Terrain</Filter>
    </ClCompile>
    <ClCompile Include="Octree.cpp">
      <Filter>Source Files\GameLogic\Terrain</Filter>
    </ClCompile>
    <ClCompile Include="TerrainNode.cpp">
      <Filter>Source Files\GameView\HumanView\Scene</Filter>
    </ClCompile>
    <ClCompile Include="Grid3D.cpp">
      <Filter>Source Files</Filter>
    </ClCompile>
    <ClCompile Include="MarchingCubeGrid.cpp">
      <Filter>Source Files</Filter>
    </ClCompile>
  </ItemGroup>
  <ItemGroup>
    <ResourceCompile Include="Geordi.rc">
      <Filter>Resource Files</Filter>
    </ResourceCompile>
  </ItemGroup>
</Project>